<?xml version="1.0" encoding="utf-8"?>
<Project ToolsVersion="4.0" xmlns="http://schemas.microsoft.com/developer/msbuild/2003">
  <ItemGroup>
    <Filter Include="Source Files">
      <UniqueIdentifier>{6df183bb-01f5-475f-bcbe-dfb33b142fb1}</UniqueIdentifier>
      <Extensions>cpp;c;cxx;rc;def;r;odl;hpj;bat;for;f90</Extensions>
    </Filter>
    <Filter Include="Header Files">
      <UniqueIdentifier>{fbd7f314-e024-481d-8491-90568a682ce6}</UniqueIdentifier>
      <Extensions>h;hpp;hxx;hm;inl;fi;fd</Extensions>
    </Filter>
    <Filter Include="Resource Files">
      <UniqueIdentifier>{03a654b3-1c09-43ae-8fdd-6d3a87588e71}</UniqueIdentifier>
      <Extensions>ico;cur;bmp;dlg;rc2;rct;bin;cnt;rtf;gif;jpg;jpeg;jpe</Extensions>
    </Filter>
  </ItemGroup>
  <ItemGroup>
    <ClCompile Include="artfont.cpp">
      <Filter>Source Files</Filter>
    </ClCompile>
    <ClCompile Include="connect.cpp">
      <Filter>Source Files</Filter>
    </ClCompile>
    <ClCompile Include="CopyProt.cpp">
      <Filter>Source Files</Filter>
    </ClCompile>
    <ClCompile Include="cr8game.cpp">
      <Filter>Source Files</Filter>
    </ClCompile>
    <ClCompile Include="CreaDung.cpp">
      <Filter>Source Files</Filter>
    </ClCompile>
    <ClCompile Include="CreaHero.cpp">
      <Filter>Source Files</Filter>
    </ClCompile>
    <ClCompile Include="credits.cpp">
      <Filter>Source Files</Filter>
    </ClCompile>
    <ClCompile Include="DiabEdit.cpp">
      <Filter>Source Files</Filter>
    </ClCompile>
    <ClCompile Include="Diabloui.cpp">
      <Filter>Source Files</Filter>
    </ClCompile>
    <ClCompile Include="DirLink.cpp">
      <Filter>Source Files</Filter>
    </ClCompile>
    <ClCompile Include="disclaim.cpp">
      <Filter>Source Files</Filter>
    </ClCompile>
    <ClCompile Include="Doom.cpp">
      <Filter>Source Files</Filter>
    </ClCompile>
    <ClCompile Include="EntrDial.cpp">
      <Filter>Source Files</Filter>
    </ClCompile>
    <ClCompile Include="EntrName.cpp">
      <Filter>Source Files</Filter>
    </ClCompile>
    <ClCompile Include="Fade.cpp">
      <Filter>Source Files</Filter>
    </ClCompile>
    <ClCompile Include="Focus.cpp">
      <Filter>Source Files</Filter>
    </ClCompile>
    <ClCompile Include="local.cpp">
      <Filter>Source Files</Filter>
    </ClCompile>
    <ClCompile Include="Logon.cpp">
      <Filter>Source Files</Filter>
    </ClCompile>
    <ClCompile Include="MainMenu.cpp">
      <Filter>Source Files</Filter>
    </ClCompile>
    <ClCompile Include="Modem.cpp">
      <Filter>Source Files</Filter>
    </ClCompile>
    <ClCompile Include="ModmStat.cpp">
      <Filter>Source Files</Filter>
    </ClCompile>
    <ClCompile Include="OkCancel.cpp">
      <Filter>Source Files</Filter>
    </ClCompile>
    <ClCompile Include="Progress.cpp">
      <Filter>Source Files</Filter>
    </ClCompile>
    <ClCompile Include="Sbar.cpp">
      <Filter>Source Files</Filter>
    </ClCompile>
    <ClCompile Include="SelClass.cpp">
      <Filter>Source Files</Filter>
    </ClCompile>
    <ClCompile Include="SelConn.cpp">
      <Filter>Source Files</Filter>
    </ClCompile>
    <ClCompile Include="SelDial.cpp">
      <Filter>Source Files</Filter>
    </ClCompile>
    <ClCompile Include="SelGame.cpp">
      <Filter>Source Files</Filter>
    </ClCompile>
    <ClCompile Include="SelHero.cpp">
      <Filter>Source Files</Filter>
    </ClCompile>
    <ClCompile Include="SelIPX.cpp">
      <Filter>Source Files</Filter>
    </ClCompile>
    <ClCompile Include="SelList.cpp">
      <Filter>Source Files</Filter>
    </ClCompile>
    <ClCompile Include="SelLoad.cpp">
      <Filter>Source Files</Filter>
    </ClCompile>
    <ClCompile Include="SelModem.cpp">
      <Filter>Source Files</Filter>
    </ClCompile>
    <ClCompile Include="SelYesNo.cpp">
      <Filter>Source Files</Filter>
    </ClCompile>
    <ClCompile Include="Support.cpp">
      <Filter>Source Files</Filter>
    </ClCompile>
    <ClCompile Include="Title.cpp">
      <Filter>Source Files</Filter>
    </ClCompile>
    <ClCompile Include="UiSnd.cpp">
      <Filter>Source Files</Filter>
    </ClCompile>
  </ItemGroup>
  <ItemGroup>
    <None Include="Diabloui.def">
      <Filter>Source Files</Filter>
    </None>
    <None Include="arrow.cur">
      <Filter>Resource Files</Filter>
    </None>
    <None Include="ibeam.cur">
      <Filter>Resource Files</Filter>
    </None>
    <None Include="link.cur">
      <Filter>Resource Files</Filter>
    </None>
    <None Include="Pointer.cur">
      <Filter>Resource Files</Filter>
    </None>
    <None Include="But_sml.raw" />
    <None Include="Srpopup.pal" />
    <None Include="Srpopup.raw" />
  </ItemGroup>
  <ItemGroup>
    <ResourceCompile Include="DiabloUI.rc">
      <Filter>Source Files</Filter>
    </ResourceCompile>
    <ResourceCompile Include="Frank.rc">
      <Filter>Source Files</Filter>
    </ResourceCompile>
    <ResourceCompile Include="Mike.rc">
      <Filter>Source Files</Filter>
    </ResourceCompile>
  </ItemGroup>
  <ItemGroup>
    <ClInclude Include="artfont.h">
      <Filter>Header Files</Filter>
    </ClInclude>
    <ClInclude Include="DiabEdit.h">
      <Filter>Header Files</Filter>
    </ClInclude>
    <ClInclude Include="Diabloui.h">
      <Filter>Header Files</Filter>
    </ClInclude>
    <ClInclude Include="Doom.h">
      <Filter>Header Files</Filter>
    </ClInclude>
    <ClInclude Include="Fade.h">
      <Filter>Header Files</Filter>
    </ClInclude>
    <ClInclude Include="local.h">
      <Filter>Header Files</Filter>
    </ClInclude>
    <ClInclude Include="Pch.h">
      <Filter>Header Files</Filter>
    </ClInclude>
    <ClInclude Include="Sbar.h">
      <Filter>Header Files</Filter>
    </ClInclude>
    <ClInclude Include="UiSnd.h">
      <Filter>Header Files</Filter>
    </ClInclude>
  </ItemGroup>
  <ItemGroup>
    <Text Include="Credits.txt" />
    <Text Include="Support.txt" />
  </ItemGroup>
</Project>